
Microsoft Visual Studio Solution File, Format Version 12.00
# Visual Studio 15
VisualStudioVersion = 15.0.28010.2036
MinimumVisualStudioVersion = 10.0.40219.1
Project("{F184B08F-C81C-45F6-A57F-5ABD9991F28F}") = "ForEach", "ForEach\ForEach.vbproj", "{81A0F3CD-D23A-4E7D-B287-300649022219}"
EndProject
Global
	GlobalSection(SolutionConfigurationPlatforms) = preSolution
		Debug|Any CPU = Debug|Any CPU
		Release|Any CPU = Release|Any CPU
	EndGlobalSection
	GlobalSection(ProjectConfigurationPlatforms) = postSolution
		{81A0F3CD-D23A-4E7D-B287-300649022219}.Debug|Any CPU.ActiveCfg = Debug|Any CPU
		{81A0F3CD-D23A-4E7D-B287-300649022219}.Debug|Any CPU.Build.0 = Debug|Any CPU
		{81A0F3CD-D23A-4E7D-B287-300649022219}.Release|Any CPU.ActiveCfg = Release|Any CPU
		{81A0F3CD-D23A-4E7D-B287-300649022219}.Release|Any CPU.Build.0 = Release|Any CPU
	EndGlobalSection
	GlobalSection(SolutionProperties) = preSolution
		HideSolutionNode = FALSE
	EndGlobalSection
	GlobalSection(ExtensibilityGlobals) = postSolution
		SolutionGuid = {EB9474DA-26D6-4CA8-AFB5-ED32F5F5A230}
	EndGlobalSection
EndGlobal
