
Microsoft Visual Studio Solution File, Format Version 12.00
# Visual Studio 15
VisualStudioVersion = 15.0.28010.2036
MinimumVisualStudioVersion = 10.0.40219.1
Project("{F184B08F-C81C-45F6-A57F-5ABD9991F28F}") = "Procedures", "Procedures\Procedures.vbproj", "{98A51850-2234-4D8A-8E2E-BC3F96282AB3}"
EndProject
Global
	GlobalSection(SolutionConfigurationPlatforms) = preSolution
		Debug|Any CPU = Debug|Any CPU
		Release|Any CPU = Release|Any CPU
	EndGlobalSection
	GlobalSection(ProjectConfigurationPlatforms) = postSolution
		{98A51850-2234-4D8A-8E2E-BC3F96282AB3}.Debug|Any CPU.ActiveCfg = Debug|Any CPU
		{98A51850-2234-4D8A-8E2E-BC3F96282AB3}.Debug|Any CPU.Build.0 = Debug|Any CPU
		{98A51850-2234-4D8A-8E2E-BC3F96282AB3}.Release|Any CPU.ActiveCfg = Release|Any CPU
		{98A51850-2234-4D8A-8E2E-BC3F96282AB3}.Release|Any CPU.Build.0 = Release|Any CPU
	EndGlobalSection
	GlobalSection(SolutionProperties) = preSolution
		HideSolutionNode = FALSE
	EndGlobalSection
	GlobalSection(ExtensibilityGlobals) = postSolution
		SolutionGuid = {2E66751F-85F2-4BC8-98EA-2FD25D996CBC}
	EndGlobalSection
EndGlobal
