
Microsoft Visual Studio Solution File, Format Version 12.00
# Visual Studio 15
VisualStudioVersion = 15.0.28010.2036
MinimumVisualStudioVersion = 10.0.40219.1
Project("{F184B08F-C81C-45F6-A57F-5ABD9991F28F}") = "Arrays", "Arrays\Arrays.vbproj", "{DDFF3C2C-C727-4889-914A-7CCB57D85D15}"
EndProject
Global
	GlobalSection(SolutionConfigurationPlatforms) = preSolution
		Debug|Any CPU = Debug|Any CPU
		Release|Any CPU = Release|Any CPU
	EndGlobalSection
	GlobalSection(ProjectConfigurationPlatforms) = postSolution
		{DDFF3C2C-C727-4889-914A-7CCB57D85D15}.Debug|Any CPU.ActiveCfg = Debug|Any CPU
		{DDFF3C2C-C727-4889-914A-7CCB57D85D15}.Debug|Any CPU.Build.0 = Debug|Any CPU
		{DDFF3C2C-C727-4889-914A-7CCB57D85D15}.Release|Any CPU.ActiveCfg = Release|Any CPU
		{DDFF3C2C-C727-4889-914A-7CCB57D85D15}.Release|Any CPU.Build.0 = Release|Any CPU
	EndGlobalSection
	GlobalSection(SolutionProperties) = preSolution
		HideSolutionNode = FALSE
	EndGlobalSection
	GlobalSection(ExtensibilityGlobals) = postSolution
		SolutionGuid = {4E83FB48-2399-476F-BBF5-A96883D52714}
	EndGlobalSection
EndGlobal
