
Microsoft Visual Studio Solution File, Format Version 12.00
# Visual Studio 15
VisualStudioVersion = 15.0.28010.2036
MinimumVisualStudioVersion = 10.0.40219.1
Project("{F184B08F-C81C-45F6-A57F-5ABD9991F28F}") = "Lists", "Lists\Lists.vbproj", "{3A6B05CC-2F03-43B3-AB69-4EFD39169CE6}"
EndProject
Global
	GlobalSection(SolutionConfigurationPlatforms) = preSolution
		Debug|Any CPU = Debug|Any CPU
		Release|Any CPU = Release|Any CPU
	EndGlobalSection
	GlobalSection(ProjectConfigurationPlatforms) = postSolution
		{3A6B05CC-2F03-43B3-AB69-4EFD39169CE6}.Debug|Any CPU.ActiveCfg = Debug|Any CPU
		{3A6B05CC-2F03-43B3-AB69-4EFD39169CE6}.Debug|Any CPU.Build.0 = Debug|Any CPU
		{3A6B05CC-2F03-43B3-AB69-4EFD39169CE6}.Release|Any CPU.ActiveCfg = Release|Any CPU
		{3A6B05CC-2F03-43B3-AB69-4EFD39169CE6}.Release|Any CPU.Build.0 = Release|Any CPU
	EndGlobalSection
	GlobalSection(SolutionProperties) = preSolution
		HideSolutionNode = FALSE
	EndGlobalSection
	GlobalSection(ExtensibilityGlobals) = postSolution
		SolutionGuid = {58938C4A-F53F-43C6-B53B-AADE2E973886}
	EndGlobalSection
EndGlobal
